
Microsoft Visual Studio Solution File, Format Version 12.00
# Visual Studio Version 16
VisualStudioVersion = 16.0.29519.181
MinimumVisualStudioVersion = 10.0.40219.1
Project("{FAE04EC0-301F-11D3-BF4B-00C04F79EFBC}") = "Lab_3_Konsole", "Lab_3_Konsole\Lab_3_Konsole.csproj", "{659494FA-E219-42A8-AFE0-24E5CEDEFB4C}"
EndProject
Project("{9A19103F-16F7-4668-BE54-9A1E7A4F7556}") = "WageLib", "..\Lab_3\WageLib\WageLib.csproj", "{E250BD55-771E-49A8-87DA-413BC243171D}"
EndProject
Global
	GlobalSection(SolutionConfigurationPlatforms) = preSolution
		Debug|Any CPU = Debug|Any CPU
		Release|Any CPU = Release|Any CPU
	EndGlobalSection
	GlobalSection(ProjectConfigurationPlatforms) = postSolution
		{659494FA-E219-42A8-AFE0-24E5CEDEFB4C}.Debug|Any CPU.ActiveCfg = Debug|Any CPU
		{659494FA-E219-42A8-AFE0-24E5CEDEFB4C}.Debug|Any CPU.Build.0 = Debug|Any CPU
		{659494FA-E219-42A8-AFE0-24E5CEDEFB4C}.Release|Any CPU.ActiveCfg = Release|Any CPU
		{659494FA-E219-42A8-AFE0-24E5CEDEFB4C}.Release|Any CPU.Build.0 = Release|Any CPU
		{E250BD55-771E-49A8-87DA-413BC243171D}.Debug|Any CPU.ActiveCfg = Debug|Any CPU
		{E250BD55-771E-49A8-87DA-413BC243171D}.Debug|Any CPU.Build.0 = Debug|Any CPU
		{E250BD55-771E-49A8-87DA-413BC243171D}.Release|Any CPU.ActiveCfg = Release|Any CPU
		{E250BD55-771E-49A8-87DA-413BC243171D}.Release|Any CPU.Build.0 = Release|Any CPU
	EndGlobalSection
	GlobalSection(SolutionProperties) = preSolution
		HideSolutionNode = FALSE
	EndGlobalSection
	GlobalSection(ExtensibilityGlobals) = postSolution
		SolutionGuid = {DE9B2354-BDFA-45EB-AC8E-2D1FC6416587}
	EndGlobalSection
EndGlobal
